{
  "requires": true,
  "lockfileVersion": 1,
  "dependencies": {
    "angular-drop-image": {
      "version": "1.0.8",
      "resolved": "https://registry.npmjs.org/angular-drop-image/-/angular-drop-image-1.0.8.tgz",
      "integrity": "sha1-Vbsq9gvYtS6kCm5uwLHEAlpiJ+4=",
      "requires": {
        "ngstorage": "^0.3.11"
      }
    },
    "ngstorage": {
      "version": "0.3.11",
      "resolved": "https://registry.npmjs.org/ngstorage/-/ngstorage-0.3.11.tgz",
      "integrity": "sha1-FjfEW4ctkJ2cx+GLN0iY1QsuhE8="
    }
  }
}
